
Microsoft Visual Studio Solution File, Format Version 12.00
# Visual Studio Version 16
VisualStudioVersion = 16.0.31129.286
MinimumVisualStudioVersion = 10.0.40219.1
Project("{FAE04EC0-301F-11D3-BF4B-00C04F79EFBC}") = "GitTreeVersion", "GitTreeVersion\GitTreeVersion.csproj", "{5DE54BF8-C7F1-4BCB-AD26-8E2D78D8931F}"
EndProject
Project("{FAE04EC0-301F-11D3-BF4B-00C04F79EFBC}") = "GitTreeVersion.Tests", "GitTreeVersion.Tests\GitTreeVersion.Tests.csproj", "{0CF8B6CC-310C-465B-BD77-984FEA48A237}"
EndProject
Project("{2150E333-8FDC-42A3-9474-1A3956D46DE8}") = "Configuration", "Configuration", "{98043AC2-9A9C-4E00-9363-B402E935D1DD}"
ProjectSection(SolutionItems) = preProject
	.editorconfig = .editorconfig
EndProjectSection
EndProject
Global
	GlobalSection(SolutionConfigurationPlatforms) = preSolution
		Debug|Any CPU = Debug|Any CPU
		Release|Any CPU = Release|Any CPU
	EndGlobalSection
	GlobalSection(ProjectConfigurationPlatforms) = postSolution
		{5DE54BF8-C7F1-4BCB-AD26-8E2D78D8931F}.Debug|Any CPU.ActiveCfg = Debug|Any CPU
		{5DE54BF8-C7F1-4BCB-AD26-8E2D78D8931F}.Debug|Any CPU.Build.0 = Debug|Any CPU
		{5DE54BF8-C7F1-4BCB-AD26-8E2D78D8931F}.Release|Any CPU.ActiveCfg = Release|Any CPU
		{5DE54BF8-C7F1-4BCB-AD26-8E2D78D8931F}.Release|Any CPU.Build.0 = Release|Any CPU
		{0CF8B6CC-310C-465B-BD77-984FEA48A237}.Debug|Any CPU.ActiveCfg = Debug|Any CPU
		{0CF8B6CC-310C-465B-BD77-984FEA48A237}.Debug|Any CPU.Build.0 = Debug|Any CPU
		{0CF8B6CC-310C-465B-BD77-984FEA48A237}.Release|Any CPU.ActiveCfg = Release|Any CPU
		{0CF8B6CC-310C-465B-BD77-984FEA48A237}.Release|Any CPU.Build.0 = Release|Any CPU
	EndGlobalSection
	GlobalSection(SolutionProperties) = preSolution
		HideSolutionNode = FALSE
	EndGlobalSection
	GlobalSection(ExtensibilityGlobals) = postSolution
		SolutionGuid = {8927D1F5-B94E-43EC-B49F-5753CDD6F47E}
	EndGlobalSection
EndGlobal
